
Microsoft Visual Studio Solution File, Format Version 12.00
# Visual Studio Version 16
VisualStudioVersion = 16.0.30309.148
MinimumVisualStudioVersion = 10.0.40219.1
Project("{FAE04EC0-301F-11D3-BF4B-00C04F79EFBC}") = "BuscaCepCharp_Refit", "BuscaCepCharp_Refit\BuscaCepCharp_Refit.csproj", "{EC785019-4583-4B0B-94DD-CA443AD1E126}"
EndProject
Global
	GlobalSection(SolutionConfigurationPlatforms) = preSolution
		Debug|Any CPU = Debug|Any CPU
		Release|Any CPU = Release|Any CPU
	EndGlobalSection
	GlobalSection(ProjectConfigurationPlatforms) = postSolution
		{EC785019-4583-4B0B-94DD-CA443AD1E126}.Debug|Any CPU.ActiveCfg = Debug|Any CPU
		{EC785019-4583-4B0B-94DD-CA443AD1E126}.Debug|Any CPU.Build.0 = Debug|Any CPU
		{EC785019-4583-4B0B-94DD-CA443AD1E126}.Release|Any CPU.ActiveCfg = Release|Any CPU
		{EC785019-4583-4B0B-94DD-CA443AD1E126}.Release|Any CPU.Build.0 = Release|Any CPU
	EndGlobalSection
	GlobalSection(SolutionProperties) = preSolution
		HideSolutionNode = FALSE
	EndGlobalSection
	GlobalSection(ExtensibilityGlobals) = postSolution
		SolutionGuid = {B4CFDB81-19A4-4558-8835-696B1231FEE2}
	EndGlobalSection
EndGlobal
